{
  "version": 1,
  "dependencies": {
    "net9.0": {
      "Catel.Analyzers": {
        "type": "Direct",
        "requested": "[7.0.0-alpha0322, )",
        "resolved": "7.0.0-alpha0322",
        "contentHash": "4/PrJ7+VKG3ngtntGdJcI9R5mv4Q9lC3AtO3e25i4OyKwB7t1L7qeVno/g/zO+l/brhW8kQ7O0b9ibCLMGEI2Q=="
      },
      "Catel.Fody": {
        "type": "Direct",
        "requested": "[7.1.0, )",
        "resolved": "7.1.0",
        "contentHash": "yQRSbfzZp5UDQlzYiRa4oWnCsgEl++yjaFUIQCnBAhbC128VkkxSjtF2kLHQBOUoRp2dBYXZ9GDA/NQ1JykKCg==",
        "dependencies": {
          "Fody": "6.9.3"
        }
      },
      "Catel.SourceGenerators": {
        "type": "Direct",
        "requested": "[7.1.0, )",
        "resolved": "7.1.0",
        "contentHash": "cwXvu4BLifmJpHHKPn0ZVfiy5oGJwrZ4Xwdv6zki4fK/Mr+sMN67Oj2LHC2j4ylOjwhTS7djiQy6oI58DY1CFw=="
      },
      "CatenaLogic.Analyzers": {
        "type": "Direct",
        "requested": "[1.5.0, )",
        "resolved": "1.5.0",
        "contentHash": "uBhAhVkEMMSFznzjo5ahaD+0y+4oXBZEMbQ0T/IvlehaQkLxIMAeaZS8HTL4barZVOWV63ctGhstwBDQEm5CnA=="
      },
      "Fody": {
        "type": "Direct",
        "requested": "[6.9.3, )",
        "resolved": "6.9.3",
        "contentHash": "1CUGgFdyECDKgi5HaUBhdv6k+VG9Iy4OCforGfHyar3xQXAJypZkzymgKtWj/4SPd6nSG0Qi7NH71qHrDSZLaA=="
      },
      "IDisposableAnalyzers": {
        "type": "Direct",
        "requested": "[4.0.8, )",
        "resolved": "4.0.8",
        "contentHash": "vNi4NMG0CcJyjXxiNDcQ21FwV/whM9o9OEZKD+oP7tuxAqFEzX/x5OhC3OZJqW/w+8GOtCmJPBquYgMWgz0rfQ=="
      },
      "NUnit.Analyzers": {
        "type": "Direct",
        "requested": "[4.15.0, )",
        "resolved": "4.15.0",
        "contentHash": "WbZpZI/gmrmTcb8JnP8poJBD4V6hJs2RRIQAmNxQ763t7RktZ/d6xxuU08XAd4K6SpnF0Bm02ADqL2wZ0CNIQA=="
      },
      "Obsolete.Fody": {
        "type": "Direct",
        "requested": "[5.3.1, )",
        "resolved": "5.3.1",
        "contentHash": "6R5IYsEK04D4komq1MAcN6psu0l7+OKXGw57ZDjXKHKstNl/xdCF2RSinq3raF72/iYsaLmyPzjEnv25Tm3uNA==",
        "dependencies": {
          "Fody": "6.9.1"
        }
      },
      "Orc.FileSystem": {
        "type": "Direct",
        "requested": "[6.0.0, )",
        "resolved": "6.0.0",
        "contentHash": "pegedVRlefzqh+qbwQ/CRos04H7IRIrAQ9VBGoEx+P1FW7/t8IX7wW6TX7ZL43znPW81GYYMWRutcPgw43uMQQ==",
        "dependencies": {
          "Catel.Core": "7.0.0"
        }
      },
      "SourceLink.Copy.PdbFiles": {
        "type": "Direct",
        "requested": "[2.8.3, )",
        "resolved": "2.8.3",
        "contentHash": "cxlw1QHd/J7lOtSZ45VZMOsF/YSOlwZy0fCkauo9Ib9vOv+zGzjm9q3D8qGyMII0Zz1GSmli/oxhmUNuYUpc1g=="
      },
      "Velopack": {
        "type": "Direct",
        "requested": "[1.2.158, )",
        "resolved": "1.2.158",
        "contentHash": "wQN38beVrAf0WzFMnZtl7UmwxqwaJ7xVYypqITdOI4YUTYch2UvE+xAjg9msfaitVDtgfWeIcGsjRNQ65C03ZQ=="
      },
      "WpfAnalyzers": {
        "type": "Direct",
        "requested": "[4.1.1, )",
        "resolved": "4.1.1",
        "contentHash": "4+oLAk4gB4Wqn0ozKstB6fY9BafSU6c6GEgWjgOThyzHFBVqxihkS/1OmvEaYJnhjNUA/GOcZ6m2B7Xr2EePNw=="
      },
      "Catel.Core": {
        "type": "Transitive",
        "resolved": "7.0.0",
        "contentHash": "9S3x/DA2NS8jSzw6Dlupmd8WKkOkb06R1aLIx5dKt9E4ATwqzm9do0a7pPgOTK5wwj3CRstd9ut6Tvgix4z0AA==",
        "dependencies": {
          "Microsoft.Extensions.Configuration.Json": "9.0.19",
          "Microsoft.Extensions.DependencyInjection": "9.0.19",
          "Microsoft.Extensions.Logging.Abstractions": "9.0.19"
        }
      },
      "Microsoft.Extensions.Configuration": {
        "type": "Transitive",
        "resolved": "9.0.19",
        "contentHash": "GjfIrx476eohF2mvSDnxbMRiYP4vA/4lxQW3rhaGMqUzJnNVGtFX48qsJMalFxz9sbQGLYcHYZ5s9+ggXQpKtg==",
        "dependencies": {
          "Microsoft.Extensions.Configuration.Abstractions": "9.0.19",
          "Microsoft.Extensions.Primitives": "9.0.19"
        }
      },
      "Microsoft.Extensions.Configuration.Abstractions": {
        "type": "Transitive",
        "resolved": "9.0.19",
        "contentHash": "M6h5lX6QWSSn7FDeRUHePZen/xvxPsuhcX1VpBfefafqavn2BnfxheR7BH5D5AIZGM7Nah0xJKnq2DublD4doQ==",
        "dependencies": {
          "Microsoft.Extensions.Primitives": "9.0.19"
        }
      },
      "Microsoft.Extensions.Configuration.FileExtensions": {
        "type": "Transitive",
        "resolved": "9.0.19",
        "contentHash": "dkvxLAVhsdftHRdddMYj6gTCbbPYFiqeC+IMViwfIBKgkrAi6We+iRqBZbRQ6ioZxRvO4oc5Z7oybNKFIzKq0g==",
        "dependencies": {
          "Microsoft.Extensions.Configuration": "9.0.19",
          "Microsoft.Extensions.Configuration.Abstractions": "9.0.19",
          "Microsoft.Extensions.FileProviders.Abstractions": "9.0.19",
          "Microsoft.Extensions.FileProviders.Physical": "9.0.19",
          "Microsoft.Extensions.Primitives": "9.0.19"
        }
      },
      "Microsoft.Extensions.Configuration.Json": {
        "type": "Transitive",
        "resolved": "9.0.19",
        "contentHash": "9GWL9luynoimizIJtlI8e2g9YcxlR5hJrzCB710i8BYIpK5cO3hD8QFlLDLB5z15weNHAhgyJ1YPgxpAz/8xpA==",
        "dependencies": {
          "Microsoft.Extensions.Configuration": "9.0.19",
          "Microsoft.Extensions.Configuration.Abstractions": "9.0.19",
          "Microsoft.Extensions.Configuration.FileExtensions": "9.0.19",
          "Microsoft.Extensions.FileProviders.Abstractions": "9.0.19"
        }
      },
      "Microsoft.Extensions.DependencyInjection": {
        "type": "Transitive",
        "resolved": "9.0.19",
        "contentHash": "o/XFYSiV4a7eiCkf7W1GFAviVhHQAPY5bHrQRsNWAPT3GhJ3Af63vcFQjHivIrTNZITlPPaGWhBy7jykKYYyaQ==",
        "dependencies": {
          "Microsoft.Extensions.DependencyInjection.Abstractions": "9.0.19"
        }
      },
      "Microsoft.Extensions.DependencyInjection.Abstractions": {
        "type": "Transitive",
        "resolved": "9.0.19",
        "contentHash": "XgQ0aVWClYjYSBqbYrKC/xyZ1KHf+VVwNF3+d54jcaqnst30Q//ugs/FJwUztLZiph0gp85g7i/eB0556twO0Q=="
      },
      "Microsoft.Extensions.FileProviders.Abstractions": {
        "type": "Transitive",
        "resolved": "9.0.19",
        "contentHash": "raArfuC+4kERkNxWrlCXO7H+QAk5yUtmNxiymr+ItP5HKQfMjLhQ68zdajqmd5kgwIIUiMpPGIhUpf7t9+cC0w==",
        "dependencies": {
          "Microsoft.Extensions.Primitives": "9.0.19"
        }
      },
      "Microsoft.Extensions.FileProviders.Physical": {
        "type": "Transitive",
        "resolved": "9.0.19",
        "contentHash": "CXY2qbXMR7lLAurrlWfjDLsYyQfnGw2EoX4cYCH7cayqqmp3PcGt4e1AWDHACBj6+ftRUx6V1AqXzb9H7IzerA==",
        "dependencies": {
          "Microsoft.Extensions.FileProviders.Abstractions": "9.0.19",
          "Microsoft.Extensions.FileSystemGlobbing": "9.0.19",
          "Microsoft.Extensions.Primitives": "9.0.19"
        }
      },
      "Microsoft.Extensions.FileSystemGlobbing": {
        "type": "Transitive",
        "resolved": "9.0.19",
        "contentHash": "VSiwgkVzLmV4fvfTMb00dPUHHIp14kXEr0DO/46A/3nxwn2xYXQ1nhKdF6ZrZqBa74jvoFS8GrLyMHtF2DzPLA=="
      },
      "Microsoft.Extensions.Logging.Abstractions": {
        "type": "Transitive",
        "resolved": "9.0.19",
        "contentHash": "RpqMVoZ+NECJxLOZRjWOfjST0mULs4wb848mxG/CS9SMkVL6yi1sSIda4dGcsB01J2jUFd8hNwsaYl1gplU+Cw==",
        "dependencies": {
          "Microsoft.Extensions.DependencyInjection.Abstractions": "9.0.19"
        }
      },
      "Microsoft.Extensions.Primitives": {
        "type": "Transitive",
        "resolved": "9.0.19",
        "contentHash": "9hIg8PQiMnpVFIsEHm25Wi1gBrPa2pS1G75uveyDUVLXrNKqBap9WGwQIgO0s6LUgRAOdsSYnbKbNC5b1G5Pcg=="
      }
    }
  }
}