
Microsoft Visual Studio Solution File, Format Version 12.00
# Visual Studio 15
VisualStudioVersion = 15.0.26020.0
MinimumVisualStudioVersion = 10.0.40219.1
Project("{2150E333-8FDC-42A3-9474-1A3956D46DE8}") = "src", "src", "{37B66615-371C-4F66-9A02-DBF8D77B09D0}"
EndProject
Project("{2150E333-8FDC-42A3-9474-1A3956D46DE8}") = "misc", "misc", "{AEC6D964-AD36-49A4-B5B4-F9A73FCA8019}"
	ProjectSection(SolutionItems) = preProject
		Directory.build.project.props = Directory.build.project.props
		Directory.build.props = Directory.build.props
		Directory.build.shared.explicit.props = Directory.build.shared.explicit.props
		Directory.build.shared.implicit.props = Directory.build.shared.implicit.props
		Directory.build.shared.mat.props = Directory.build.shared.mat.props
		Directory.build.targets = Directory.build.targets
		GlobalSuppressions.cs = GlobalSuppressions.cs
		nuget.config = nuget.config
		Orc.Squirrel.sln.DotSettings = Orc.Squirrel.sln.DotSettings
		SolutionAssemblyInfo.cs = SolutionAssemblyInfo.cs
	EndProjectSection
EndProject
Project("{2150E333-8FDC-42A3-9474-1A3956D46DE8}") = "Core", "Core", "{6F73FD31-BED2-4B05-BC31-334A4130F00C}"
EndProject
Project("{2150E333-8FDC-42A3-9474-1A3956D46DE8}") = "Tests", "Tests", "{4058534C-2289-4BAA-BBF9-DF3ABD788526}"
EndProject
Project("{2150E333-8FDC-42A3-9474-1A3956D46DE8}") = "Example", "Example", "{1AFB7D81-024D-4201-9B33-8FD83B752520}"
EndProject
Project("{9A19103F-16F7-4668-BE54-9A1E7A4F7556}") = "Orc.Squirrel", "Orc.Squirrel\Orc.Squirrel.csproj", "{0D8B50FE-CD32-4AA8-AEBC-5480818B1E79}"
EndProject
Project("{9A19103F-16F7-4668-BE54-9A1E7A4F7556}") = "Orc.Squirrel.Xaml", "Orc.Squirrel.Xaml\Orc.Squirrel.Xaml.csproj", "{BB5BB0BD-0673-4FFB-B1A6-16C1036771DA}"
EndProject
Project("{9A19103F-16F7-4668-BE54-9A1E7A4F7556}") = "Orc.Squirrel.Example.NET", "Orc.Squirrel.Example.NET\Orc.Squirrel.Example.NET.csproj", "{1A5B2F6B-E953-4795-BEA9-479B7AEB6542}"
EndProject
Project("{9A19103F-16F7-4668-BE54-9A1E7A4F7556}") = "Orc.Squirrel.Tests", "Orc.Squirrel.Tests\Orc.Squirrel.Tests.csproj", "{DDD20F81-BC56-466F-B423-8A2C75713555}"
EndProject
Global
	GlobalSection(SolutionConfigurationPlatforms) = preSolution
		Debug|Any CPU = Debug|Any CPU
		Release|Any CPU = Release|Any CPU
	EndGlobalSection
	GlobalSection(ProjectConfigurationPlatforms) = postSolution
		{0D8B50FE-CD32-4AA8-AEBC-5480818B1E79}.Debug|Any CPU.ActiveCfg = Debug|Any CPU
		{0D8B50FE-CD32-4AA8-AEBC-5480818B1E79}.Debug|Any CPU.Build.0 = Debug|Any CPU
		{0D8B50FE-CD32-4AA8-AEBC-5480818B1E79}.Release|Any CPU.ActiveCfg = Release|Any CPU
		{0D8B50FE-CD32-4AA8-AEBC-5480818B1E79}.Release|Any CPU.Build.0 = Release|Any CPU
		{BB5BB0BD-0673-4FFB-B1A6-16C1036771DA}.Debug|Any CPU.ActiveCfg = Debug|Any CPU
		{BB5BB0BD-0673-4FFB-B1A6-16C1036771DA}.Debug|Any CPU.Build.0 = Debug|Any CPU
		{BB5BB0BD-0673-4FFB-B1A6-16C1036771DA}.Release|Any CPU.ActiveCfg = Release|Any CPU
		{BB5BB0BD-0673-4FFB-B1A6-16C1036771DA}.Release|Any CPU.Build.0 = Release|Any CPU
		{1A5B2F6B-E953-4795-BEA9-479B7AEB6542}.Debug|Any CPU.ActiveCfg = Debug|Any CPU
		{1A5B2F6B-E953-4795-BEA9-479B7AEB6542}.Debug|Any CPU.Build.0 = Debug|Any CPU
		{1A5B2F6B-E953-4795-BEA9-479B7AEB6542}.Release|Any CPU.ActiveCfg = Release|Any CPU
		{1A5B2F6B-E953-4795-BEA9-479B7AEB6542}.Release|Any CPU.Build.0 = Release|Any CPU
		{DDD20F81-BC56-466F-B423-8A2C75713555}.Debug|Any CPU.ActiveCfg = Debug|Any CPU
		{DDD20F81-BC56-466F-B423-8A2C75713555}.Debug|Any CPU.Build.0 = Debug|Any CPU
		{DDD20F81-BC56-466F-B423-8A2C75713555}.Release|Any CPU.ActiveCfg = Release|Any CPU
		{DDD20F81-BC56-466F-B423-8A2C75713555}.Release|Any CPU.Build.0 = Release|Any CPU
	EndGlobalSection
	GlobalSection(SolutionProperties) = preSolution
		HideSolutionNode = FALSE
	EndGlobalSection
	GlobalSection(NestedProjects) = preSolution
		{6F73FD31-BED2-4B05-BC31-334A4130F00C} = {37B66615-371C-4F66-9A02-DBF8D77B09D0}
		{4058534C-2289-4BAA-BBF9-DF3ABD788526} = {37B66615-371C-4F66-9A02-DBF8D77B09D0}
		{1AFB7D81-024D-4201-9B33-8FD83B752520} = {37B66615-371C-4F66-9A02-DBF8D77B09D0}
		{0D8B50FE-CD32-4AA8-AEBC-5480818B1E79} = {6F73FD31-BED2-4B05-BC31-334A4130F00C}
		{BB5BB0BD-0673-4FFB-B1A6-16C1036771DA} = {6F73FD31-BED2-4B05-BC31-334A4130F00C}
		{1A5B2F6B-E953-4795-BEA9-479B7AEB6542} = {1AFB7D81-024D-4201-9B33-8FD83B752520}
		{DDD20F81-BC56-466F-B423-8A2C75713555} = {4058534C-2289-4BAA-BBF9-DF3ABD788526}
	EndGlobalSection
	GlobalSection(ExtensibilityGlobals) = postSolution
		SolutionGuid = {EC7D11BE-9E45-4531-9E31-7711FE8E4949}
	EndGlobalSection
EndGlobal
